// !$*UTF8*$!
{
	archiveVersion = 1;
	classes = {
	};
	objectVersion = 48;
	objects = {

/* Begin PBXBuildFile section */
		2D1AFF7F2000DDFF003DD1C1 /* HTTPCookieStorageViewController.swift in Sources */ = {isa = PBXBuildFile; fileRef = 2D1AFF7E2000DDFF003DD1C1 /* HTTPCookieStorageViewController.swift */; };
		2D6D8E712000BB250027021E /* SFAuthenticationSessionViewController.swift in Sources */ = {isa = PBXBuildFile; fileRef = 2D6D8E702000BB250027021E /* SFAuthenticationSessionViewController.swift */; };
		2D9AAD541FFF81520079A635 /* AppDelegate.swift in Sources */ = {isa = PBXBuildFile; fileRef = 2D9AAD531FFF81520079A635 /* AppDelegate.swift */; };
		2D9AAD561FFF81520079A635 /* ViewController.swift in Sources */ = {isa = PBXBuildFile; fileRef = 2D9AAD551FFF81520079A635 /* ViewController.swift */; };
		2D9AAD591FFF81520079A635 /* Main.storyboard in Resources */ = {isa = PBXBuildFile; fileRef = 2D9AAD571FFF81520079A635 /* Main.storyboard */; };
		2D9AAD5B1FFF81520079A635 /* Assets.xcassets in Resources */ = {isa = PBXBuildFile; fileRef = 2D9AAD5A1FFF81520079A635 /* Assets.xcassets */; };
		2D9AAD5E1FFF81520079A635 /* LaunchScreen.storyboard in Resources */ = {isa = PBXBuildFile; fileRef = 2D9AAD5C1FFF81520079A635 /* LaunchScreen.storyboard */; };
		2D9AAD691FFF81520079A635 /* CookieSampleTests.swift in Sources */ = {isa = PBXBuildFile; fileRef = 2D9AAD681FFF81520079A635 /* CookieSampleTests.swift */; };
		2D9AAD741FFF81520079A635 /* CookieSampleUITests.swift in Sources */ = {isa = PBXBuildFile; fileRef = 2D9AAD731FFF81520079A635 /* CookieSampleUITests.swift */; };
		2D9AAD821FFF89EB0079A635 /* SyncTestViewController.swift in Sources */ = {isa = PBXBuildFile; fileRef = 2D9AAD811FFF89EB0079A635 /* SyncTestViewController.swift */; };
		2D9AAD841FFF8A050079A635 /* WKWebViewController.swift in Sources */ = {isa = PBXBuildFile; fileRef = 2D9AAD831FFF8A050079A635 /* WKWebViewController.swift */; };
		2DDA6AD51FFF9A1C0028BAE6 /* Const.swift in Sources */ = {isa = PBXBuildFile; fileRef = 2DDA6AD41FFF9A1C0028BAE6 /* Const.swift */; };
/* End PBXBuildFile section */

/* Begin PBXContainerItemProxy section */
		2D9AAD651FFF81520079A635 /* PBXContainerItemProxy */ = {
			isa = PBXContainerItemProxy;
			containerPortal = 2D9AAD481FFF81520079A635 /* Project object */;
			proxyType = 1;
			remoteGlobalIDString = 2D9AAD4F1FFF81520079A635;
			remoteInfo = CookieSample;
		};
		2D9AAD701FFF81520079A635 /* PBXContainerItemProxy */ = {
			isa = PBXContainerItemProxy;
			containerPortal = 2D9AAD481FFF81520079A635 /* Project object */;
			proxyType = 1;
			remoteGlobalIDString = 2D9AAD4F1FFF81520079A635;
			remoteInfo = CookieSample;
		};
/* End PBXContainerItemProxy section */

/* Begin PBXFileReference section */
		2D1AFF7E2000DDFF003DD1C1 /* HTTPCookieStorageViewController.swift */ = {isa = PBXFileReference; lastKnownFileType = sourcecode.swift; path = HTTPCookieStorageViewController.swift; sourceTree = "<group>"; };
		2D6D8E702000BB250027021E /* SFAuthenticationSessionViewController.swift */ = {isa = PBXFileReference; lastKnownFileType = sourcecode.swift; path = SFAuthenticationSessionViewController.swift; sourceTree = "<group>"; };
		2D9AAD501FFF81520079A635 /* CookieSample.app */ = {isa = PBXFileReference; explicitFileType = wrapper.application; includeInIndex = 0; path = CookieSample.app; sourceTree = BUILT_PRODUCTS_DIR; };
		2D9AAD531FFF81520079A635 /* AppDelegate.swift */ = {isa = PBXFileReference; lastKnownFileType = sourcecode.swift; path = AppDelegate.swift; sourceTree = "<group>"; };
		2D9AAD551FFF81520079A635 /* ViewController.swift */ = {isa = PBXFileReference; lastKnownFileType = sourcecode.swift; path = ViewController.swift; sourceTree = "<group>"; };
		2D9AAD581FFF81520079A635 /* Base */ = {isa = PBXFileReference; lastKnownFileType = file.storyboard; name = Base; path = Base.lproj/Main.storyboard; sourceTree = "<group>"; };
		2D9AAD5A1FFF81520079A635 /* Assets.xcassets */ = {isa = PBXFileReference; lastKnownFileType = folder.assetcatalog; path = Assets.xcassets; sourceTree = "<group>"; };
		2D9AAD5D1FFF81520079A635 /* Base */ = {isa = PBXFileReference; lastKnownFileType = file.storyboard; name = Base; path = Base.lproj/LaunchScreen.storyboard; sourceTree = "<group>"; };
		2D9AAD5F1FFF81520079A635 /* Info.plist */ = {isa = PBXFileReference; lastKnownFileType = text.plist.xml; path = Info.plist; sourceTree = "<group>"; };
		2D9AAD641FFF81520079A635 /* CookieSampleTests.xctest */ = {isa = PBXFileReference; explicitFileType = wrapper.cfbundle; includeInIndex = 0; path = CookieSampleTests.xctest; sourceTree = BUILT_PRODUCTS_DIR; };
		2D9AAD681FFF81520079A635 /* CookieSampleTests.swift */ = {isa = PBXFileReference; lastKnownFileType = sourcecode.swift; path = CookieSampleTests.swift; sourceTree = "<group>"; };
		2D9AAD6A1FFF81520079A635 /* Info.plist */ = {isa = PBXFileReference; lastKnownFileType = text.plist.xml; path = Info.plist; sourceTree = "<group>"; };
		2D9AAD6F1FFF81520079A635 /* CookieSampleUITests.xctest */ = {isa = PBXFileReference; explicitFileType = wrapper.cfbundle; includeInIndex = 0; path = CookieSampleUITests.xctest; sourceTree = BUILT_PRODUCTS_DIR; };
		2D9AAD731FFF81520079A635 /* CookieSampleUITests.swift */ = {isa = PBXFileReference; lastKnownFileType = sourcecode.swift; path = CookieSampleUITests.swift; sourceTree = "<group>"; };
		2D9AAD751FFF81520079A635 /* Info.plist */ = {isa = PBXFileReference; lastKnownFileType = text.plist.xml; path = Info.plist; sourceTree = "<group>"; };
		2D9AAD811FFF89EB0079A635 /* SyncTestViewController.swift */ = {isa = PBXFileReference; lastKnownFileType = sourcecode.swift; path = SyncTestViewController.swift; sourceTree = "<group>"; };
		2D9AAD831FFF8A050079A635 /* WKWebViewController.swift */ = {isa = PBXFileReference; lastKnownFileType = sourcecode.swift; path = WKWebViewController.swift; sourceTree = "<group>"; };
		2DDA6AD41FFF9A1C0028BAE6 /* Const.swift */ = {isa = PBXFileReference; lastKnownFileType = sourcecode.swift; path = Const.swift; sourceTree = "<group>"; };
/* End PBXFileReference section */

/* Begin PBXFrameworksBuildPhase section */
		2D9AAD4D1FFF81520079A635 /* Frameworks */ = {
			isa = PBXFrameworksBuildPhase;
			buildActionMask = 2147483647;
			files = (
			);
			runOnlyForDeploymentPostprocessing = 0;
		};
		2D9AAD611FFF81520079A635 /* Frameworks */ = {
			isa = PBXFrameworksBuildPhase;
			buildActionMask = 2147483647;
			files = (
			);
			runOnlyForDeploymentPostprocessing = 0;
		};
		2D9AAD6C1FFF81520079A635 /* Frameworks */ = {
			isa = PBXFrameworksBuildPhase;
			buildActionMask = 2147483647;
			files = (
			);
			runOnlyForDeploymentPostprocessing = 0;
		};
/* End PBXFrameworksBuildPhase section */

/* Begin PBXGroup section */
		2D9AAD471FFF81520079A635 = {
			isa = PBXGroup;
			children = (
				2D9AAD521FFF81520079A635 /* CookieSample */,
				2D9AAD671FFF81520079A635 /* CookieSampleTests */,
				2D9AAD721FFF81520079A635 /* CookieSampleUITests */,
				2D9AAD511FFF81520079A635 /* Products */,
			);
			sourceTree = "<group>";
		};
		2D9AAD511FFF81520079A635 /* Products */ = {
			isa = PBXGroup;
			children = (
				2D9AAD501FFF81520079A635 /* CookieSample.app */,
				2D9AAD641FFF81520079A635 /* CookieSampleTests.xctest */,
				2D9AAD6F1FFF81520079A635 /* CookieSampleUITests.xctest */,
			);
			name = Products;
			sourceTree = "<group>";
		};
		2D9AAD521FFF81520079A635 /* CookieSample */ = {
			isa = PBXGroup;
			children = (
				2D6D8E702000BB250027021E /* SFAuthenticationSessionViewController.swift */,
				2D9AAD531FFF81520079A635 /* AppDelegate.swift */,
				2D9AAD551FFF81520079A635 /* ViewController.swift */,
				2D9AAD811FFF89EB0079A635 /* SyncTestViewController.swift */,
				2D9AAD831FFF8A050079A635 /* WKWebViewController.swift */,
				2D9AAD571FFF81520079A635 /* Main.storyboard */,
				2D1AFF7E2000DDFF003DD1C1 /* HTTPCookieStorageViewController.swift */,
				2DDA6AD41FFF9A1C0028BAE6 /* Const.swift */,
				2D9AAD5A1FFF81520079A635 /* Assets.xcassets */,
				2D9AAD5C1FFF81520079A635 /* LaunchScreen.storyboard */,
				2D9AAD5F1FFF81520079A635 /* Info.plist */,
			);
			path = CookieSample;
			sourceTree = "<group>";
		};
		2D9AAD671FFF81520079A635 /* CookieSampleTests */ = {
			isa = PBXGroup;
			children = (
				2D9AAD681FFF81520079A635 /* CookieSampleTests.swift */,
				2D9AAD6A1FFF81520079A635 /* Info.plist */,
			);
			path = CookieSampleTests;
			sourceTree = "<group>";
		};
		2D9AAD721FFF81520079A635 /* CookieSampleUITests */ = {
			isa = PBXGroup;
			children = (
				2D9AAD731FFF81520079A635 /* CookieSampleUITests.swift */,
				2D9AAD751FFF81520079A635 /* Info.plist */,
			);
			path = CookieSampleUITests;
			sourceTree = "<group>";
		};
/* End PBXGroup section */

/* Begin PBXNativeTarget section */
		2D9AAD4F1FFF81520079A635 /* CookieSample */ = {
			isa = PBXNativeTarget;
			buildConfigurationList = 2D9AAD781FFF81520079A635 /* Build configuration list for PBXNativeTarget "CookieSample" */;
			buildPhases = (
				2D9AAD4C1FFF81520079A635 /* Sources */,
				2D9AAD4D1FFF81520079A635 /* Frameworks */,
				2D9AAD4E1FFF81520079A635 /* Resources */,
			);
			buildRules = (
			);
			dependencies = (
			);
			name = CookieSample;
			productName = CookieSample;
			productReference = 2D9AAD501FFF81520079A635 /* CookieSample.app */;
			productType = "com.apple.product-type.application";
		};
		2D9AAD631FFF81520079A635 /* CookieSampleTests */ = {
			isa = PBXNativeTarget;
			buildConfigurationList = 2D9AAD7B1FFF81520079A635 /* Build configuration list for PBXNativeTarget "CookieSampleTests" */;
			buildPhases = (
				6E626D02F76D9A4C02A3C447 /* [CP] Check Pods Manifest.lock */,
				2D9AAD601FFF81520079A635 /* Sources */,
				2D9AAD611FFF81520079A635 /* Frameworks */,
				2D9AAD621FFF81520079A635 /* Resources */,
				B1F2A87C89857E43D68A711D /* [CP] Embed Pods Frameworks */,
				940F373C2B18A6B0495BD354 /* [CP] Copy Pods Resources */,
			);
			buildRules = (
			);
			dependencies = (
				2D9AAD661FFF81520079A635 /* PBXTargetDependency */,
			);
			name = CookieSampleTests;
			productName = CookieSampleTests;
			productReference = 2D9AAD641FFF81520079A635 /* CookieSampleTests.xctest */;
			productType = "com.apple.product-type.bundle.unit-test";
		};
		2D9AAD6E1FFF81520079A635 /* CookieSampleUITests */ = {
			isa = PBXNativeTarget;
			buildConfigurationList = 2D9AAD7E1FFF81520079A635 /* Build configuration list for PBXNativeTarget "CookieSampleUITests" */;
			buildPhases = (
				214B7826F06B8DDE6B984167 /* [CP] Check Pods Manifest.lock */,
				2D9AAD6B1FFF81520079A635 /* Sources */,
				2D9AAD6C1FFF81520079A635 /* Frameworks */,
				2D9AAD6D1FFF81520079A635 /* Resources */,
				1C6B0FE9AB8BFCE47572C8A5 /* [CP] Embed Pods Frameworks */,
				8E1A5636552CD51C8CE6A412 /* [CP] Copy Pods Resources */,
			);
			buildRules = (
			);
			dependencies = (
				2D9AAD711FFF81520079A635 /* PBXTargetDependency */,
			);
			name = CookieSampleUITests;
			productName = CookieSampleUITests;
			productReference = 2D9AAD6F1FFF81520079A635 /* CookieSampleUITests.xctest */;
			productType = "com.apple.product-type.bundle.ui-testing";
		};
/* End PBXNativeTarget section */

/* Begin PBXProject section */
		2D9AAD481FFF81520079A635 /* Project object */ = {
			isa = PBXProject;
			attributes = {
				LastSwiftUpdateCheck = 0920;
				LastUpgradeCheck = 0920;
				ORGANIZATIONNAME = kazuki229;
				TargetAttributes = {
					2D9AAD4F1FFF81520079A635 = {
						CreatedOnToolsVersion = 9.2;
						ProvisioningStyle = Automatic;
					};
					2D9AAD631FFF81520079A635 = {
						CreatedOnToolsVersion = 9.2;
						ProvisioningStyle = Automatic;
						TestTargetID = 2D9AAD4F1FFF81520079A635;
					};
					2D9AAD6E1FFF81520079A635 = {
						CreatedOnToolsVersion = 9.2;
						ProvisioningStyle = Automatic;
						TestTargetID = 2D9AAD4F1FFF81520079A635;
					};
				};
			};
			buildConfigurationList = 2D9AAD4B1FFF81520079A635 /* Build configuration list for PBXProject "CookieSample" */;
			compatibilityVersion = "Xcode 8.0";
			developmentRegion = en;
			hasScannedForEncodings = 0;
			knownRegions = (
				en,
				Base,
			);
			mainGroup = 2D9AAD471FFF81520079A635;
			productRefGroup = 2D9AAD511FFF81520079A635 /* Products */;
			projectDirPath = "";
			projectRoot = "";
			targets = (
				2D9AAD4F1FFF81520079A635 /* CookieSample */,
				2D9AAD631FFF81520079A635 /* CookieSampleTests */,
				2D9AAD6E1FFF81520079A635 /* CookieSampleUITests */,
			);
		};
/* End PBXProject section */

/* Begin PBXResourcesBuildPhase section */
		2D9AAD4E1FFF81520079A635 /* Resources */ = {
			isa = PBXResourcesBuildPhase;
			buildActionMask = 2147483647;
			files = (
				2D9AAD5E1FFF81520079A635 /* LaunchScreen.storyboard in Resources */,
				2D9AAD5B1FFF81520079A635 /* Assets.xcassets in Resources */,
				2D9AAD591FFF81520079A635 /* Main.storyboard in Resources */,
			);
			runOnlyForDeploymentPostprocessing = 0;
		};
		2D9AAD621FFF81520079A635 /* Resources */ = {
			isa = PBXResourcesBuildPhase;
			buildActionMask = 2147483647;
			files = (
			);
			runOnlyForDeploymentPostprocessing = 0;
		};
		2D9AAD6D1FFF81520079A635 /* Resources */ = {
			isa = PBXResourcesBuildPhase;
			buildActionMask = 2147483647;
			files = (
			);
			runOnlyForDeploymentPostprocessing = 0;
		};
/* End PBXResourcesBuildPhase section */

/* Begin PBXShellScriptBuildPhase section */
		1C6B0FE9AB8BFCE47572C8A5 /* [CP] Embed Pods Frameworks */ = {
			isa = PBXShellScriptBuildPhase;
			buildActionMask = 2147483647;
			files = (
			);
			inputPaths = (
			);
			name = "[CP] Embed Pods Frameworks";
			outputPaths = (
			);
			runOnlyForDeploymentPostprocessing = 0;
			shellPath = /bin/sh;
			shellScript = "\"${SRCROOT}/Pods/Target Support Files/Pods-CookieSampleUITests/Pods-CookieSampleUITests-frameworks.sh\"\n";
			showEnvVarsInLog = 0;
		};
		214B7826F06B8DDE6B984167 /* [CP] Check Pods Manifest.lock */ = {
			isa = PBXShellScriptBuildPhase;
			buildActionMask = 2147483647;
			files = (
			);
			inputPaths = (
			);
			name = "[CP] Check Pods Manifest.lock";
			outputPaths = (
			);
			runOnlyForDeploymentPostprocessing = 0;
			shellPath = /bin/sh;
			shellScript = "diff \"${PODS_PODFILE_DIR_PATH}/Podfile.lock\" \"${PODS_ROOT}/Manifest.lock\" > /dev/null\nif [ $? != 0 ] ; then\n    # print error to STDERR\n    echo \"error: The sandbox is not in sync with the Podfile.lock. Run 'pod install' or update your CocoaPods installation.\" >&2\n    exit 1\nfi\n";
			showEnvVarsInLog = 0;
		};
		6E626D02F76D9A4C02A3C447 /* [CP] Check Pods Manifest.lock */ = {
			isa = PBXShellScriptBuildPhase;
			buildActionMask = 2147483647;
			files = (
			);
			inputPaths = (
			);
			name = "[CP] Check Pods Manifest.lock";
			outputPaths = (
			);
			runOnlyForDeploymentPostprocessing = 0;
			shellPath = /bin/sh;
			shellScript = "diff \"${PODS_PODFILE_DIR_PATH}/Podfile.lock\" \"${PODS_ROOT}/Manifest.lock\" > /dev/null\nif [ $? != 0 ] ; then\n    # print error to STDERR\n    echo \"error: The sandbox is not in sync with the Podfile.lock. Run 'pod install' or update your CocoaPods installation.\" >&2\n    exit 1\nfi\n";
			showEnvVarsInLog = 0;
		};
		8E1A5636552CD51C8CE6A412 /* [CP] Copy Pods Resources */ = {
			isa = PBXShellScriptBuildPhase;
			buildActionMask = 2147483647;
			files = (
			);
			inputPaths = (
			);
			name = "[CP] Copy Pods Resources";
			outputPaths = (
			);
			runOnlyForDeploymentPostprocessing = 0;
			shellPath = /bin/sh;
			shellScript = "\"${SRCROOT}/Pods/Target Support Files/Pods-CookieSampleUITests/Pods-CookieSampleUITests-resources.sh\"\n";
			showEnvVarsInLog = 0;
		};
		940F373C2B18A6B0495BD354 /* [CP] Copy Pods Resources */ = {
			isa = PBXShellScriptBuildPhase;
			buildActionMask = 2147483647;
			files = (
			);
			inputPaths = (
			);
			name = "[CP] Copy Pods Resources";
			outputPaths = (
			);
			runOnlyForDeploymentPostprocessing = 0;
			shellPath = /bin/sh;
			shellScript = "\"${SRCROOT}/Pods/Target Support Files/Pods-CookieSampleTests/Pods-CookieSampleTests-resources.sh\"\n";
			showEnvVarsInLog = 0;
		};
		B1F2A87C89857E43D68A711D /* [CP] Embed Pods Frameworks */ = {
			isa = PBXShellScriptBuildPhase;
			buildActionMask = 2147483647;
			files = (
			);
			inputPaths = (
			);
			name = "[CP] Embed Pods Frameworks";
			outputPaths = (
			);
			runOnlyForDeploymentPostprocessing = 0;
			shellPath = /bin/sh;
			shellScript = "\"${SRCROOT}/Pods/Target Support Files/Pods-CookieSampleTests/Pods-CookieSampleTests-frameworks.sh\"\n";
			showEnvVarsInLog = 0;
		};
/* End PBXShellScriptBuildPhase section */

/* Begin PBXSourcesBuildPhase section */
		2D9AAD4C1FFF81520079A635 /* Sources */ = {
			isa = PBXSourcesBuildPhase;
			buildActionMask = 2147483647;
			files = (
				2D6D8E712000BB250027021E /* SFAuthenticationSessionViewController.swift in Sources */,
				2D9AAD561FFF81520079A635 /* ViewController.swift in Sources */,
				2D1AFF7F2000DDFF003DD1C1 /* HTTPCookieStorageViewController.swift in Sources */,
				2D9AAD821FFF89EB0079A635 /* SyncTestViewController.swift in Sources */,
				2DDA6AD51FFF9A1C0028BAE6 /* Const.swift in Sources */,
				2D9AAD541FFF81520079A635 /* AppDelegate.swift in Sources */,
				2D9AAD841FFF8A050079A635 /* WKWebViewController.swift in Sources */,
			);
			runOnlyForDeploymentPostprocessing = 0;
		};
		2D9AAD601FFF81520079A635 /* Sources */ = {
			isa = PBXSourcesBuildPhase;
			buildActionMask = 2147483647;
			files = (
				2D9AAD691FFF81520079A635 /* CookieSampleTests.swift in Sources */,
			);
			runOnlyForDeploymentPostprocessing = 0;
		};
		2D9AAD6B1FFF81520079A635 /* Sources */ = {
			isa = PBXSourcesBuildPhase;
			buildActionMask = 2147483647;
			files = (
				2D9AAD741FFF81520079A635 /* CookieSampleUITests.swift in Sources */,
			);
			runOnlyForDeploymentPostprocessing = 0;
		};
/* End PBXSourcesBuildPhase section */

/* Begin PBXTargetDependency section */
		2D9AAD661FFF81520079A635 /* PBXTargetDependency */ = {
			isa = PBXTargetDependency;
			target = 2D9AAD4F1FFF81520079A635 /* CookieSample */;
			targetProxy = 2D9AAD651FFF81520079A635 /* PBXContainerItemProxy */;
		};
		2D9AAD711FFF81520079A635 /* PBXTargetDependency */ = {
			isa = PBXTargetDependency;
			target = 2D9AAD4F1FFF81520079A635 /* CookieSample */;
			targetProxy = 2D9AAD701FFF81520079A635 /* PBXContainerItemProxy */;
		};
/* End PBXTargetDependency section */

/* Begin PBXVariantGroup section */
		2D9AAD571FFF81520079A635 /* Main.storyboard */ = {
			isa = PBXVariantGroup;
			children = (
				2D9AAD581FFF81520079A635 /* Base */,
			);
			name = Main.storyboard;
			sourceTree = "<group>";
		};
		2D9AAD5C1FFF81520079A635 /* LaunchScreen.storyboard */ = {
			isa = PBXVariantGroup;
			children = (
				2D9AAD5D1FFF81520079A635 /* Base */,
			);
			name = LaunchScreen.storyboard;
			sourceTree = "<group>";
		};
/* End PBXVariantGroup section */

/* Begin XCBuildConfiguration section */
		2D9AAD761FFF81520079A635 /* Debug */ = {
			isa = XCBuildConfiguration;
			buildSettings = {
				ALWAYS_SEARCH_USER_PATHS = NO;
				CLANG_ANALYZER_NONNULL = YES;
				CLANG_ANALYZER_NUMBER_OBJECT_CONVERSION = YES_AGGRESSIVE;
				CLANG_CXX_LANGUAGE_STANDARD = "gnu++14";
				CLANG_CXX_LIBRARY = "libc++";
				CLANG_ENABLE_MODULES = YES;
				CLANG_ENABLE_OBJC_ARC = YES;
				CLANG_WARN_BLOCK_CAPTURE_AUTORELEASING = YES;
				CLANG_WARN_BOOL_CONVERSION = YES;
				CLANG_WARN_COMMA = YES;
				CLANG_WARN_CONSTANT_CONVERSION = YES;
				CLANG_WARN_DIRECT_OBJC_ISA_USAGE = YES_ERROR;
				CLANG_WARN_DOCUMENTATION_COMMENTS = YES;
				CLANG_WARN_EMPTY_BODY = YES;
				CLANG_WARN_ENUM_CONVERSION = YES;
				CLANG_WARN_INFINITE_RECURSION = YES;
				CLANG_WARN_INT_CONVERSION = YES;
				CLANG_WARN_NON_LITERAL_NULL_CONVERSION = YES;
				CLANG_WARN_OBJC_LITERAL_CONVERSION = YES;
				CLANG_WARN_OBJC_ROOT_CLASS = YES_ERROR;
				CLANG_WARN_RANGE_LOOP_ANALYSIS = YES;
				CLANG_WARN_STRICT_PROTOTYPES = YES;
				CLANG_WARN_SUSPICIOUS_MOVE = YES;
				CLANG_WARN_UNGUARDED_AVAILABILITY = YES_AGGRESSIVE;
				CLANG_WARN_UNREACHABLE_CODE = YES;
				CLANG_WARN__DUPLICATE_METHOD_MATCH = YES;
				CODE_SIGN_IDENTITY = "iPhone Developer";
				COPY_PHASE_STRIP = NO;
				DEBUG_INFORMATION_FORMAT = dwarf;
				ENABLE_STRICT_OBJC_MSGSEND = YES;
				ENABLE_TESTABILITY = YES;
				GCC_C_LANGUAGE_STANDARD = gnu11;
				GCC_DYNAMIC_NO_PIC = NO;
				GCC_NO_COMMON_BLOCKS = YES;
				GCC_OPTIMIZATION_LEVEL = 0;
				GCC_PREPROCESSOR_DEFINITIONS = (
					"DEBUG=1",
					"$(inherited)",
				);
				GCC_WARN_64_TO_32_BIT_CONVERSION = YES;
				GCC_WARN_ABOUT_RETURN_TYPE = YES_ERROR;
				GCC_WARN_UNDECLARED_SELECTOR = YES;
				GCC_WARN_UNINITIALIZED_AUTOS = YES_AGGRESSIVE;
				GCC_WARN_UNUSED_FUNCTION = YES;
				GCC_WARN_UNUSED_VARIABLE = YES;
				IPHONEOS_DEPLOYMENT_TARGET = 9.0;
				MTL_ENABLE_DEBUG_INFO = YES;
				ONLY_ACTIVE_ARCH = YES;
				SDKROOT = iphoneos;
				SWIFT_ACTIVE_COMPILATION_CONDITIONS = DEBUG;
				SWIFT_OPTIMIZATION_LEVEL = "-Onone";
			};
			name = Debug;
		};
		2D9AAD771FFF81520079A635 /* Release */ = {
			isa = XCBuildConfiguration;
			buildSettings = {
				ALWAYS_SEARCH_USER_PATHS = NO;
				CLANG_ANALYZER_NONNULL = YES;
				CLANG_ANALYZER_NUMBER_OBJECT_CONVERSION = YES_AGGRESSIVE;
				CLANG_CXX_LANGUAGE_STANDARD = "gnu++14";
				CLANG_CXX_LIBRARY = "libc++";
				CLANG_ENABLE_MODULES = YES;
				CLANG_ENABLE_OBJC_ARC = YES;
				CLANG_WARN_BLOCK_CAPTURE_AUTORELEASING = YES;
				CLANG_WARN_BOOL_CONVERSION = YES;
				CLANG_WARN_COMMA = YES;
				CLANG_WARN_CONSTANT_CONVERSION = YES;
				CLANG_WARN_DIRECT_OBJC_ISA_USAGE = YES_ERROR;
				CLANG_WARN_DOCUMENTATION_COMMENTS = YES;
				CLANG_WARN_EMPTY_BODY = YES;
				CLANG_WARN_ENUM_CONVERSION = YES;
				CLANG_WARN_INFINITE_RECURSION = YES;
				CLANG_WARN_INT_CONVERSION = YES;
				CLANG_WARN_NON_LITERAL_NULL_CONVERSION = YES;
				CLANG_WARN_OBJC_LITERAL_CONVERSION = YES;
				CLANG_WARN_OBJC_ROOT_CLASS = YES_ERROR;
				CLANG_WARN_RANGE_LOOP_ANALYSIS = YES;
				CLANG_WARN_STRICT_PROTOTYPES = YES;
				CLANG_WARN_SUSPICIOUS_MOVE = YES;
				CLANG_WARN_UNGUARDED_AVAILABILITY = YES_AGGRESSIVE;
				CLANG_WARN_UNREACHABLE_CODE = YES;
				CLANG_WARN__DUPLICATE_METHOD_MATCH = YES;
				CODE_SIGN_IDENTITY = "iPhone Developer";
				COPY_PHASE_STRIP = NO;
				DEBUG_INFORMATION_FORMAT = "dwarf-with-dsym";
				ENABLE_NS_ASSERTIONS = NO;
				ENABLE_STRICT_OBJC_MSGSEND = YES;
				GCC_C_LANGUAGE_STANDARD = gnu11;
				GCC_NO_COMMON_BLOCKS = YES;
				GCC_WARN_64_TO_32_BIT_CONVERSION = YES;
				GCC_WARN_ABOUT_RETURN_TYPE = YES_ERROR;
				GCC_WARN_UNDECLARED_SELECTOR = YES;
				GCC_WARN_UNINITIALIZED_AUTOS = YES_AGGRESSIVE;
				GCC_WARN_UNUSED_FUNCTION = YES;
				GCC_WARN_UNUSED_VARIABLE = YES;
				IPHONEOS_DEPLOYMENT_TARGET = 9.0;
				MTL_ENABLE_DEBUG_INFO = NO;
				SDKROOT = iphoneos;
				SWIFT_OPTIMIZATION_LEVEL = "-Owholemodule";
				VALIDATE_PRODUCT = YES;
			};
			name = Release;
		};
		2D9AAD791FFF81520079A635 /* Debug */ = {
			isa = XCBuildConfiguration;
			buildSettings = {
				ASSETCATALOG_COMPILER_APPICON_NAME = AppIcon;
				CODE_SIGN_STYLE = Automatic;
				DEVELOPMENT_TEAM = 2KULV68KM4;
				INFOPLIST_FILE = CookieSample/Info.plist;
				IPHONEOS_DEPLOYMENT_TARGET = 9.0;
				LD_RUNPATH_SEARCH_PATHS = "$(inherited) @executable_path/Frameworks";
				PRODUCT_BUNDLE_IDENTIFIER = jp.kazuki229.CookieSample;
				PRODUCT_NAME = "$(TARGET_NAME)";
				SWIFT_VERSION = 4.0;
				TARGETED_DEVICE_FAMILY = "1,2";
			};
			name = Debug;
		};
		2D9AAD7A1FFF81520079A635 /* Release */ = {
			isa = XCBuildConfiguration;
			buildSettings = {
				ASSETCATALOG_COMPILER_APPICON_NAME = AppIcon;
				CODE_SIGN_STYLE = Automatic;
				DEVELOPMENT_TEAM = 2KULV68KM4;
				INFOPLIST_FILE = CookieSample/Info.plist;
				IPHONEOS_DEPLOYMENT_TARGET = 9.0;
				LD_RUNPATH_SEARCH_PATHS = "$(inherited) @executable_path/Frameworks";
				PRODUCT_BUNDLE_IDENTIFIER = jp.kazuki229.CookieSample;
				PRODUCT_NAME = "$(TARGET_NAME)";
				SWIFT_VERSION = 4.0;
				TARGETED_DEVICE_FAMILY = "1,2";
			};
			name = Release;
		};
		2D9AAD7C1FFF81520079A635 /* Debug */ = {
			isa = XCBuildConfiguration;
			buildSettings = {
				ALWAYS_EMBED_SWIFT_STANDARD_LIBRARIES = YES;
				BUNDLE_LOADER = "$(TEST_HOST)";
				CODE_SIGN_STYLE = Automatic;
				DEVELOPMENT_TEAM = 2KULV68KM4;
				INFOPLIST_FILE = CookieSampleTests/Info.plist;
				LD_RUNPATH_SEARCH_PATHS = "$(inherited) @executable_path/Frameworks @loader_path/Frameworks";
				PRODUCT_BUNDLE_IDENTIFIER = jp.kazuki229.CookieSampleTests;
				PRODUCT_NAME = "$(TARGET_NAME)";
				SWIFT_VERSION = 4.0;
				TARGETED_DEVICE_FAMILY = "1,2";
				TEST_HOST = "$(BUILT_PRODUCTS_DIR)/CookieSample.app/CookieSample";
			};
			name = Debug;
		};
		2D9AAD7D1FFF81520079A635 /* Release */ = {
			isa = XCBuildConfiguration;
			buildSettings = {
				ALWAYS_EMBED_SWIFT_STANDARD_LIBRARIES = YES;
				BUNDLE_LOADER = "$(TEST_HOST)";
				CODE_SIGN_STYLE = Automatic;
				DEVELOPMENT_TEAM = 2KULV68KM4;
				INFOPLIST_FILE = CookieSampleTests/Info.plist;
				LD_RUNPATH_SEARCH_PATHS = "$(inherited) @executable_path/Frameworks @loader_path/Frameworks";
				PRODUCT_BUNDLE_IDENTIFIER = jp.kazuki229.CookieSampleTests;
				PRODUCT_NAME = "$(TARGET_NAME)";
				SWIFT_VERSION = 4.0;
				TARGETED_DEVICE_FAMILY = "1,2";
				TEST_HOST = "$(BUILT_PRODUCTS_DIR)/CookieSample.app/CookieSample";
			};
			name = Release;
		};
		2D9AAD7F1FFF81520079A635 /* Debug */ = {
			isa = XCBuildConfiguration;
			buildSettings = {
				ALWAYS_EMBED_SWIFT_STANDARD_LIBRARIES = YES;
				CODE_SIGN_STYLE = Automatic;
				DEVELOPMENT_TEAM = 2KULV68KM4;
				INFOPLIST_FILE = CookieSampleUITests/Info.plist;
				LD_RUNPATH_SEARCH_PATHS = "$(inherited) @executable_path/Frameworks @loader_path/Frameworks";
				PRODUCT_BUNDLE_IDENTIFIER = jp.kazuki229.CookieSampleUITests;
				PRODUCT_NAME = "$(TARGET_NAME)";
				SWIFT_VERSION = 4.0;
				TARGETED_DEVICE_FAMILY = "1,2";
				TEST_TARGET_NAME = CookieSample;
			};
			name = Debug;
		};
		2D9AAD801FFF81520079A635 /* Release */ = {
			isa = XCBuildConfiguration;
			buildSettings = {
				ALWAYS_EMBED_SWIFT_STANDARD_LIBRARIES = YES;
				CODE_SIGN_STYLE = Automatic;
				DEVELOPMENT_TEAM = 2KULV68KM4;
				INFOPLIST_FILE = CookieSampleUITests/Info.plist;
				LD_RUNPATH_SEARCH_PATHS = "$(inherited) @executable_path/Frameworks @loader_path/Frameworks";
				PRODUCT_BUNDLE_IDENTIFIER = jp.kazuki229.CookieSampleUITests;
				PRODUCT_NAME = "$(TARGET_NAME)";
				SWIFT_VERSION = 4.0;
				TARGETED_DEVICE_FAMILY = "1,2";
				TEST_TARGET_NAME = CookieSample;
			};
			name = Release;
		};
/* End XCBuildConfiguration section */

/* Begin XCConfigurationList section */
		2D9AAD4B1FFF81520079A635 /* Build configuration list for PBXProject "CookieSample" */ = {
			isa = XCConfigurationList;
			buildConfigurations = (
				2D9AAD761FFF81520079A635 /* Debug */,
				2D9AAD771FFF81520079A635 /* Release */,
			);
			defaultConfigurationIsVisible = 0;
			defaultConfigurationName = Release;
		};
		2D9AAD781FFF81520079A635 /* Build configuration list for PBXNativeTarget "CookieSample" */ = {
			isa = XCConfigurationList;
			buildConfigurations = (
				2D9AAD791FFF81520079A635 /* Debug */,
				2D9AAD7A1FFF81520079A635 /* Release */,
			);
			defaultConfigurationIsVisible = 0;
			defaultConfigurationName = Release;
		};
		2D9AAD7B1FFF81520079A635 /* Build configuration list for PBXNativeTarget "CookieSampleTests" */ = {
			isa = XCConfigurationList;
			buildConfigurations = (
				2D9AAD7C1FFF81520079A635 /* Debug */,
				2D9AAD7D1FFF81520079A635 /* Release */,
			);
			defaultConfigurationIsVisible = 0;
			defaultConfigurationName = Release;
		};
		2D9AAD7E1FFF81520079A635 /* Build configuration list for PBXNativeTarget "CookieSampleUITests" */ = {
			isa = XCConfigurationList;
			buildConfigurations = (
				2D9AAD7F1FFF81520079A635 /* Debug */,
				2D9AAD801FFF81520079A635 /* Release */,
			);
			defaultConfigurationIsVisible = 0;
			defaultConfigurationName = Release;
		};
/* End XCConfigurationList section */
	};
	rootObject = 2D9AAD481FFF81520079A635 /* Project object */;
}
